
Microsoft Visual Studio Solution File, Format Version 12.00
# Visual Studio Version 16
VisualStudioVersion = 16.0.33529.622
MinimumVisualStudioVersion = 10.0.40219.1
Project("{FAE04EC0-301F-11D3-BF4B-00C04F79EFBC}") = "WindowsFormsAuthorisation", "WindowsFormsAuthorisation\WindowsFormsAuthorisation.csproj", "{0364F51B-AFD9-4724-A83E-2CDE8955C7D8}"
EndProject
Project("{FAE04EC0-301F-11D3-BF4B-00C04F79EFBC}") = "WindowsFormsApp1", "WindowsFormsApp1\WindowsFormsApp1.csproj", "{D6E78B40-EB9C-4861-AE2D-30D063E2F933}"
EndProject
Project("{FAE04EC0-301F-11D3-BF4B-00C04F79EFBC}") = "TaskManager", "TaskManager\TaskManager.csproj", "{AB441874-9804-4489-9C03-9EE077118371}"
EndProject
Project("{FAE04EC0-301F-11D3-BF4B-00C04F79EFBC}") = "EvenOddApplication", "EvenOddApplication\EvenOddApplication.csproj", "{874B729A-C031-4363-B188-9800CD54C1DB}"
EndProject
Project("{FAE04EC0-301F-11D3-BF4B-00C04F79EFBC}") = "TextInputPartitionApplication", "TextInputPartitionApplication\TextInputPartitionApplication.csproj", "{3A7E9423-C031-4A3F-B7C8-466D9AD1897A}"
EndProject
Project("{FAE04EC0-301F-11D3-BF4B-00C04F79EFBC}") = "ListBoxWorkApplication", "ListBoxWorkApplication\ListBoxWorkApplication.csproj", "{9E227335-6D68-4D0D-923C-7FE172270A08}"
EndProject
Global
	GlobalSection(SolutionConfigurationPlatforms) = preSolution
		Debug|Any CPU = Debug|Any CPU
		Release|Any CPU = Release|Any CPU
	EndGlobalSection
	GlobalSection(ProjectConfigurationPlatforms) = postSolution
		{0364F51B-AFD9-4724-A83E-2CDE8955C7D8}.Debug|Any CPU.ActiveCfg = Debug|Any CPU
		{0364F51B-AFD9-4724-A83E-2CDE8955C7D8}.Debug|Any CPU.Build.0 = Debug|Any CPU
		{0364F51B-AFD9-4724-A83E-2CDE8955C7D8}.Release|Any CPU.ActiveCfg = Release|Any CPU
		{0364F51B-AFD9-4724-A83E-2CDE8955C7D8}.Release|Any CPU.Build.0 = Release|Any CPU
		{D6E78B40-EB9C-4861-AE2D-30D063E2F933}.Debug|Any CPU.ActiveCfg = Debug|Any CPU
		{D6E78B40-EB9C-4861-AE2D-30D063E2F933}.Debug|Any CPU.Build.0 = Debug|Any CPU
		{D6E78B40-EB9C-4861-AE2D-30D063E2F933}.Release|Any CPU.ActiveCfg = Release|Any CPU
		{D6E78B40-EB9C-4861-AE2D-30D063E2F933}.Release|Any CPU.Build.0 = Release|Any CPU
		{AB441874-9804-4489-9C03-9EE077118371}.Debug|Any CPU.ActiveCfg = Debug|Any CPU
		{AB441874-9804-4489-9C03-9EE077118371}.Debug|Any CPU.Build.0 = Debug|Any CPU
		{AB441874-9804-4489-9C03-9EE077118371}.Release|Any CPU.ActiveCfg = Release|Any CPU
		{AB441874-9804-4489-9C03-9EE077118371}.Release|Any CPU.Build.0 = Release|Any CPU
		{874B729A-C031-4363-B188-9800CD54C1DB}.Debug|Any CPU.ActiveCfg = Debug|Any CPU
		{874B729A-C031-4363-B188-9800CD54C1DB}.Debug|Any CPU.Build.0 = Debug|Any CPU
		{874B729A-C031-4363-B188-9800CD54C1DB}.Release|Any CPU.ActiveCfg = Release|Any CPU
		{874B729A-C031-4363-B188-9800CD54C1DB}.Release|Any CPU.Build.0 = Release|Any CPU
		{3A7E9423-C031-4A3F-B7C8-466D9AD1897A}.Debug|Any CPU.ActiveCfg = Debug|Any CPU
		{3A7E9423-C031-4A3F-B7C8-466D9AD1897A}.Debug|Any CPU.Build.0 = Debug|Any CPU
		{3A7E9423-C031-4A3F-B7C8-466D9AD1897A}.Release|Any CPU.ActiveCfg = Release|Any CPU
		{3A7E9423-C031-4A3F-B7C8-466D9AD1897A}.Release|Any CPU.Build.0 = Release|Any CPU
		{9E227335-6D68-4D0D-923C-7FE172270A08}.Debug|Any CPU.ActiveCfg = Debug|Any CPU
		{9E227335-6D68-4D0D-923C-7FE172270A08}.Debug|Any CPU.Build.0 = Debug|Any CPU
		{9E227335-6D68-4D0D-923C-7FE172270A08}.Release|Any CPU.ActiveCfg = Release|Any CPU
		{9E227335-6D68-4D0D-923C-7FE172270A08}.Release|Any CPU.Build.0 = Release|Any CPU
	EndGlobalSection
	GlobalSection(SolutionProperties) = preSolution
		HideSolutionNode = FALSE
	EndGlobalSection
	GlobalSection(ExtensibilityGlobals) = postSolution
		SolutionGuid = {298A5984-6B6B-4A13-86D7-7BF662E0197C}
	EndGlobalSection
EndGlobal
